
Microsoft Visual Studio Solution File, Format Version 12.00
# Visual Studio Version 17
VisualStudioVersion = 17.5.002.0
MinimumVisualStudioVersion = 10.0.40219.1
Project("{9A19103F-16F7-4668-BE54-9A1E7A4F7556}") = "List", "List.csproj", "{D977F9B2-F2A2-4F94-B342-EF942C839E3F}"
EndProject
Global
	GlobalSection(SolutionConfigurationPlatforms) = preSolution
		Debug|Any CPU = Debug|Any CPU
		Release|Any CPU = Release|Any CPU
	EndGlobalSection
	GlobalSection(ProjectConfigurationPlatforms) = postSolution
		{D977F9B2-F2A2-4F94-B342-EF942C839E3F}.Debug|Any CPU.ActiveCfg = Debug|Any CPU
		{D977F9B2-F2A2-4F94-B342-EF942C839E3F}.Debug|Any CPU.Build.0 = Debug|Any CPU
		{D977F9B2-F2A2-4F94-B342-EF942C839E3F}.Release|Any CPU.ActiveCfg = Release|Any CPU
		{D977F9B2-F2A2-4F94-B342-EF942C839E3F}.Release|Any CPU.Build.0 = Release|Any CPU
	EndGlobalSection
	GlobalSection(SolutionProperties) = preSolution
		HideSolutionNode = FALSE
	EndGlobalSection
	GlobalSection(ExtensibilityGlobals) = postSolution
		SolutionGuid = {451F4BE3-FBE7-41BE-80F4-17E65778839E}
	EndGlobalSection
EndGlobal
